
Microsoft Visual Studio Solution File, Format Version 12.00
# Visual Studio Version 17
VisualStudioVersion = 17.13.35931.197 d17.13
MinimumVisualStudioVersion = 10.0.40219.1
Project("{FAE04EC0-301F-11D3-BF4B-00C04F79EFBC}") = "CursoEfCore", "CursoEfCore\CursoEfCore.csproj", "{7ED1A9DC-8390-431B-B485-011D453C0184}"
EndProject
Global
	GlobalSection(SolutionConfigurationPlatforms) = preSolution
		Debug|Any CPU = Debug|Any CPU
		Release|Any CPU = Release|Any CPU
	EndGlobalSection
	GlobalSection(ProjectConfigurationPlatforms) = postSolution
		{7ED1A9DC-8390-431B-B485-011D453C0184}.Debug|Any CPU.ActiveCfg = Debug|Any CPU
		{7ED1A9DC-8390-431B-B485-011D453C0184}.Debug|Any CPU.Build.0 = Debug|Any CPU
		{7ED1A9DC-8390-431B-B485-011D453C0184}.Release|Any CPU.ActiveCfg = Release|Any CPU
		{7ED1A9DC-8390-431B-B485-011D453C0184}.Release|Any CPU.Build.0 = Release|Any CPU
	EndGlobalSection
	GlobalSection(SolutionProperties) = preSolution
		HideSolutionNode = FALSE
	EndGlobalSection
	GlobalSection(ExtensibilityGlobals) = postSolution
		SolutionGuid = {6E8AB76D-3CC0-47F7-9057-DE2C7FDE2ADA}
	EndGlobalSection
EndGlobal
